PODS:
  - Alamofire (4.5.1)
  - Kingfisher (3.13.1)
  - Refresher (0.7.0)
  - SVProgressHUD (2.2.2)
  - TransitionAnimation (4.1.0):
    - TransitionTreasury (~> 4.1)
  - TransitionTreasury (4.1.0)

DEPENDENCIES:
  - Alamofire (~> 4.5.1)
  - Kingfisher (~> 3.13.1)
  - Refresher
  - SVProgressHUD (~> 2.2.2)
  - TransitionAnimation (~> 4.1.0)
  - TransitionTreasury (~> 4.1.0)

SPEC CHECKSUMS:
  Alamofire: 2d95912bf4c34f164fdfc335872e8c312acaea4a
  Kingfisher: ed9707a409cc47fddafbcd12a43a9757e3600af5
  Refresher: a72fdd35f0e1854d787eb5eb6853dd3f6d81c1e5
  SVProgressHUD: 59b2d3dabacbd051576d21d32293ca7228dc18b0
  TransitionAnimation: 7bcaaf55f75c2915c6b3c2d258cb3c6111b67b8b
  TransitionTreasury: c3b541a2073ee3060519835afa10791bd4ba55f9

PODFILE CHECKSUM: 702b8eed85e361eebbb67dcb3cae00d04f03a12c

COCOAPODS: 1.3.1
